
Microsoft Visual Studio Solution File, Format Version 12.00
# Visual Studio Version 16
VisualStudioVersion = 16.0.31911.196
MinimumVisualStudioVersion = 10.0.40219.1
Project("{FAE04EC0-301F-11D3-BF4B-00C04F79EFBC}") = "G191210026_musicApp", "G191210026_musicApp\G191210026_musicApp.csproj", "{F0CCF430-C445-4BF3-9EB6-0B3DE3D6EAD0}"
EndProject
Global
	GlobalSection(SolutionConfigurationPlatforms) = preSolution
		Debug|Any CPU = Debug|Any CPU
		Release|Any CPU = Release|Any CPU
	EndGlobalSection
	GlobalSection(ProjectConfigurationPlatforms) = postSolution
		{F0CCF430-C445-4BF3-9EB6-0B3DE3D6EAD0}.Debug|Any CPU.ActiveCfg = Debug|Any CPU
		{F0CCF430-C445-4BF3-9EB6-0B3DE3D6EAD0}.Debug|Any CPU.Build.0 = Debug|Any CPU
		{F0CCF430-C445-4BF3-9EB6-0B3DE3D6EAD0}.Release|Any CPU.ActiveCfg = Release|Any CPU
		{F0CCF430-C445-4BF3-9EB6-0B3DE3D6EAD0}.Release|Any CPU.Build.0 = Release|Any CPU
	EndGlobalSection
	GlobalSection(SolutionProperties) = preSolution
		HideSolutionNode = FALSE
	EndGlobalSection
	GlobalSection(ExtensibilityGlobals) = postSolution
		SolutionGuid = {36D10F1B-1536-4BD0-BFB1-07AB24EA7047}
	EndGlobalSection
EndGlobal
